
Microsoft Visual Studio Solution File, Format Version 12.00
# Visual Studio Version 16
VisualStudioVersion = 16.0.29609.76
MinimumVisualStudioVersion = 10.0.40219.1
Project("{F184B08F-C81C-45F6-A57F-5ABD9991F28F}") = "CSS", "CSS\CSS.vbproj", "{ABD78ABA-23CB-4611-B216-8826FA491E2B}"
EndProject
Project("{F184B08F-C81C-45F6-A57F-5ABD9991F28F}") = "FormCSS", "FormCSS\FormCSS.vbproj", "{FCBCF3B1-2AC5-4381-AD34-EF77CB3FF0DF}"
EndProject
Project("{FAE04EC0-301F-11D3-BF4B-00C04F79EFBC}") = "TableCSS", "TableCSS\TableCSS.csproj", "{13A8895A-88FD-4227-A979-12068E69C5F2}"
EndProject
Project("{FAE04EC0-301F-11D3-BF4B-00C04F79EFBC}") = "JSArray", "JSArray\JSArray.csproj", "{FCC0EA94-BC55-4DA3-802E-EBFCD3FEA946}"
EndProject
Global
	GlobalSection(SolutionConfigurationPlatforms) = preSolution
		Debug|Any CPU = Debug|Any CPU
		Release|Any CPU = Release|Any CPU
	EndGlobalSection
	GlobalSection(ProjectConfigurationPlatforms) = postSolution
		{ABD78ABA-23CB-4611-B216-8826FA491E2B}.Debug|Any CPU.ActiveCfg = Debug|Any CPU
		{ABD78ABA-23CB-4611-B216-8826FA491E2B}.Debug|Any CPU.Build.0 = Debug|Any CPU
		{ABD78ABA-23CB-4611-B216-8826FA491E2B}.Release|Any CPU.ActiveCfg = Release|Any CPU
		{ABD78ABA-23CB-4611-B216-8826FA491E2B}.Release|Any CPU.Build.0 = Release|Any CPU
		{FCBCF3B1-2AC5-4381-AD34-EF77CB3FF0DF}.Debug|Any CPU.ActiveCfg = Debug|Any CPU
		{FCBCF3B1-2AC5-4381-AD34-EF77CB3FF0DF}.Debug|Any CPU.Build.0 = Debug|Any CPU
		{FCBCF3B1-2AC5-4381-AD34-EF77CB3FF0DF}.Release|Any CPU.ActiveCfg = Release|Any CPU
		{FCBCF3B1-2AC5-4381-AD34-EF77CB3FF0DF}.Release|Any CPU.Build.0 = Release|Any CPU
		{13A8895A-88FD-4227-A979-12068E69C5F2}.Debug|Any CPU.ActiveCfg = Debug|Any CPU
		{13A8895A-88FD-4227-A979-12068E69C5F2}.Debug|Any CPU.Build.0 = Debug|Any CPU
		{13A8895A-88FD-4227-A979-12068E69C5F2}.Release|Any CPU.ActiveCfg = Release|Any CPU
		{13A8895A-88FD-4227-A979-12068E69C5F2}.Release|Any CPU.Build.0 = Release|Any CPU
		{FCC0EA94-BC55-4DA3-802E-EBFCD3FEA946}.Debug|Any CPU.ActiveCfg = Debug|Any CPU
		{FCC0EA94-BC55-4DA3-802E-EBFCD3FEA946}.Debug|Any CPU.Build.0 = Debug|Any CPU
		{FCC0EA94-BC55-4DA3-802E-EBFCD3FEA946}.Release|Any CPU.ActiveCfg = Release|Any CPU
		{FCC0EA94-BC55-4DA3-802E-EBFCD3FEA946}.Release|Any CPU.Build.0 = Release|Any CPU
	EndGlobalSection
	GlobalSection(SolutionProperties) = preSolution
		HideSolutionNode = FALSE
	EndGlobalSection
	GlobalSection(ExtensibilityGlobals) = postSolution
		SolutionGuid = {6DE78480-BA5A-4EAD-BABE-5CA04933CF9A}
	EndGlobalSection
EndGlobal
